
Microsoft Visual Studio Solution File, Format Version 12.00
# Visual Studio Version 17
VisualStudioVersion = 17.11.35327.3
MinimumVisualStudioVersion = 10.0.40219.1
Project("{9A19103F-16F7-4668-BE54-9A1E7A4F7556}") = "FitnessAppPro", "FitnessAppPro\FitnessAppPro.csproj", "{C0263AA5-87F4-43FC-8992-4989F8EEA5F1}"
EndProject
Global
	GlobalSection(SolutionConfigurationPlatforms) = preSolution
		Debug|Any CPU = Debug|Any CPU
		Release|Any CPU = Release|Any CPU
	EndGlobalSection
	GlobalSection(ProjectConfigurationPlatforms) = postSolution
		{C0263AA5-87F4-43FC-8992-4989F8EEA5F1}.Debug|Any CPU.ActiveCfg = Debug|Any CPU
		{C0263AA5-87F4-43FC-8992-4989F8EEA5F1}.Debug|Any CPU.Build.0 = Debug|Any CPU
		{C0263AA5-87F4-43FC-8992-4989F8EEA5F1}.Debug|Any CPU.Deploy.0 = Debug|Any CPU
		{C0263AA5-87F4-43FC-8992-4989F8EEA5F1}.Release|Any CPU.ActiveCfg = Release|Any CPU
		{C0263AA5-87F4-43FC-8992-4989F8EEA5F1}.Release|Any CPU.Build.0 = Release|Any CPU
		{C0263AA5-87F4-43FC-8992-4989F8EEA5F1}.Release|Any CPU.Deploy.0 = Release|Any CPU
	EndGlobalSection
	GlobalSection(SolutionProperties) = preSolution
		HideSolutionNode = FALSE
	EndGlobalSection
	GlobalSection(ExtensibilityGlobals) = postSolution
		SolutionGuid = {9F61356E-57D2-4454-9172-8AC7A540C26C}
	EndGlobalSection
EndGlobal
